// !$*UTF8*$!
{
	archiveVersion = 1;
	classes = {
	};
	objectVersion = 77;
	objects = {

/* Begin PBXBuildFile section */
		07D6571ABB18CA51E8EAE766 /* ContentView.swift in Sources */ = {isa = PBXBuildFile; fileRef = 0E0EC2084D3F26D0417E917E /* ContentView.swift */; };
		08E52D1BB108F079EA03BEE5 /* HUDMusicCompanionApp.swift in Sources */ = {isa = PBXBuildFile; fileRef = 47A8F80859CF2A5E4EA2A553 /* HUDMusicCompanionApp.swift */; };
		231E0BB777BF4F86FF29E456 /* BridgeServerManager.swift in Sources */ = {isa = PBXBuildFile; fileRef = C9F8C5B1EFBC4B7A14CFC282 /* BridgeServerManager.swift */; };
		9F93B93A60B3620477620F5A /* BackgroundKeeper.swift in Sources */ = {isa = PBXBuildFile; fileRef = 40A4AC014FD6964AC879A967 /* BackgroundKeeper.swift */; };
		AD759439603EA3D3E7713C0C /* Telegraph in Frameworks */ = {isa = PBXBuildFile; productRef = C49B8EEA39E1C912B316D76F /* Telegraph */; };
		E3BD34FEB0B09381C9BC2A90 /* AppState.swift in Sources */ = {isa = PBXBuildFile; fileRef = D678D9122EABAB640B83E8B3 /* AppState.swift */; };
		F01ACD3BE4C19B76B8305152 /* MusicManager.swift in Sources */ = {isa = PBXBuildFile; fileRef = 69E26EC3373524FF7307FF26 /* MusicManager.swift */; };
/* End PBXBuildFile section */

/* Begin PBXFileReference section */
		0E0EC2084D3F26D0417E917E /* ContentView.swift */ = {isa = PBXFileReference; lastKnownFileType = sourcecode.swift; path = ContentView.swift; sourceTree = "<group>"; };
		40A4AC014FD6964AC879A967 /* BackgroundKeeper.swift */ = {isa = PBXFileReference; lastKnownFileType = sourcecode.swift; path = BackgroundKeeper.swift; sourceTree = "<group>"; };
		47A8F80859CF2A5E4EA2A553 /* HUDMusicCompanionApp.swift */ = {isa = PBXFileReference; lastKnownFileType = sourcecode.swift; path = HUDMusicCompanionApp.swift; sourceTree = "<group>"; };
		69E26EC3373524FF7307FF26 /* MusicManager.swift */ = {isa = PBXFileReference; lastKnownFileType = sourcecode.swift; path = MusicManager.swift; sourceTree = "<group>"; };
		C9F8C5B1EFBC4B7A14CFC282 /* BridgeServerManager.swift */ = {isa = PBXFileReference; lastKnownFileType = sourcecode.swift; path = BridgeServerManager.swift; sourceTree = "<group>"; };
		D348C1081115E11138CFB708 /* HUDMusicCompanion.entitlements */ = {isa = PBXFileReference; lastKnownFileType = text.plist.entitlements; path = HUDMusicCompanion.entitlements; sourceTree = "<group>"; };
		D678D9122EABAB640B83E8B3 /* AppState.swift */ = {isa = PBXFileReference; lastKnownFileType = sourcecode.swift; path = AppState.swift; sourceTree = "<group>"; };
		F1A82E78E0754E34A809B0A5 /* HUDMusicCompanion.app */ = {isa = PBXFileReference; explicitFileType = wrapper.application; includeInIndex = 0; path = HUDMusicCompanion.app; sourceTree = BUILT_PRODUCTS_DIR; };
/* End PBXFileReference section */

/* Begin PBXFrameworksBuildPhase section */
		8334BB9530B25770287201D3 /* Frameworks */ = {
			isa = PBXFrameworksBuildPhase;
			buildActionMask = 2147483647;
			files = (
				AD759439603EA3D3E7713C0C /* Telegraph in Frameworks */,
			);
			runOnlyForDeploymentPostprocessing = 0;
		};
/* End PBXFrameworksBuildPhase section */

/* Begin PBXGroup section */
		3021E5D4853C0B489C498D4E = {
			isa = PBXGroup;
			children = (
				6C06BD121DFABA98807EB58B /* HUDMusicCompanion */,
				F21B96E478CFA716178D9E92 /* Products */,
			);
			sourceTree = "<group>";
		};
		6C06BD121DFABA98807EB58B /* HUDMusicCompanion */ = {
			isa = PBXGroup;
			children = (
				D678D9122EABAB640B83E8B3 /* AppState.swift */,
				40A4AC014FD6964AC879A967 /* BackgroundKeeper.swift */,
				C9F8C5B1EFBC4B7A14CFC282 /* BridgeServerManager.swift */,
				0E0EC2084D3F26D0417E917E /* ContentView.swift */,
				D348C1081115E11138CFB708 /* HUDMusicCompanion.entitlements */,
				47A8F80859CF2A5E4EA2A553 /* HUDMusicCompanionApp.swift */,
				69E26EC3373524FF7307FF26 /* MusicManager.swift */,
			);
			path = HUDMusicCompanion;
			sourceTree = "<group>";
		};
		F21B96E478CFA716178D9E92 /* Products */ = {
			isa = PBXGroup;
			children = (
				F1A82E78E0754E34A809B0A5 /* HUDMusicCompanion.app */,
			);
			name = Products;
			sourceTree = "<group>";
		};
/* End PBXGroup section */

/* Begin PBXNativeTarget section */
		76D3EE6110FCE95D8E6EAA3D /* HUDMusicCompanion */ = {
			isa = PBXNativeTarget;
			buildConfigurationList = 26F5AC423621FAD10D46BBCE /* Build configuration list for PBXNativeTarget "HUDMusicCompanion" */;
			buildPhases = (
				A2D62C622BA6B7A948ABFBB8 /* Sources */,
				8334BB9530B25770287201D3 /* Frameworks */,
			);
			buildRules = (
			);
			dependencies = (
			);
			name = HUDMusicCompanion;
			packageProductDependencies = (
				C49B8EEA39E1C912B316D76F /* Telegraph */,
			);
			productName = HUDMusicCompanion;
			productReference = F1A82E78E0754E34A809B0A5 /* HUDMusicCompanion.app */;
			productType = "com.apple.product-type.application";
		};
/* End PBXNativeTarget section */

/* Begin PBXProject section */
		A2CB557F53EC64959CA68696 /* Project object */ = {
			isa = PBXProject;
			attributes = {
				BuildIndependentTargetsInParallel = YES;
				LastUpgradeCheck = 1500;
				TargetAttributes = {
					76D3EE6110FCE95D8E6EAA3D = {
						ProvisioningStyle = Automatic;
					};
				};
			};
			buildConfigurationList = 94AB7E7F1BBC156418C1231F /* Build configuration list for PBXProject "HUDMusicCompanion" */;
			developmentRegion = en;
			hasScannedForEncodings = 0;
			knownRegions = (
				Base,
				en,
			);
			mainGroup = 3021E5D4853C0B489C498D4E;
			minimizedProjectReferenceProxies = 1;
			packageReferences = (
				FF1C09A622CBEB53E6969FE0 /* XCRemoteSwiftPackageReference "Telegraph" */,
			);
			preferredProjectObjectVersion = 77;
			productRefGroup = F21B96E478CFA716178D9E92 /* Products */;
			projectDirPath = "";
			projectRoot = "";
			targets = (
				76D3EE6110FCE95D8E6EAA3D /* HUDMusicCompanion */,
			);
		};
/* End PBXProject section */

/* Begin PBXSourcesBuildPhase section */
		A2D62C622BA6B7A948ABFBB8 /* Sources */ = {
			isa = PBXSourcesBuildPhase;
			buildActionMask = 2147483647;
			files = (
				E3BD34FEB0B09381C9BC2A90 /* AppState.swift in Sources */,
				9F93B93A60B3620477620F5A /* BackgroundKeeper.swift in Sources */,
				231E0BB777BF4F86FF29E456 /* BridgeServerManager.swift in Sources */,
				07D6571ABB18CA51E8EAE766 /* ContentView.swift in Sources */,
				08E52D1BB108F079EA03BEE5 /* HUDMusicCompanionApp.swift in Sources */,
				F01ACD3BE4C19B76B8305152 /* MusicManager.swift in Sources */,
			);
			runOnlyForDeploymentPostprocessing = 0;
		};
/* End PBXSourcesBuildPhase section */

/* Begin XCBuildConfiguration section */
		26EE784A1924BA4C67925A17 /* Release */ = {
			isa = XCBuildConfiguration;
			buildSettings = {
				ASSETCATALOG_COMPILER_APPICON_NAME = AppIcon;
				CODE_SIGN_ENTITLEMENTS = HUDMusicCompanion/HUDMusicCompanion.entitlements;
				CODE_SIGN_IDENTITY = "iPhone Developer";
				CODE_SIGN_STYLE = Automatic;
				CURRENT_PROJECT_VERSION = 1;
				DEVELOPMENT_TEAM = 7W8B6GJZDY;
				INFOPLIST_FILE = HUDMusicCompanion/Info.plist;
				IPHONEOS_DEPLOYMENT_TARGET = 16.0;
				LD_RUNPATH_SEARCH_PATHS = (
					"$(inherited)",
					"@executable_path/Frameworks",
				);
				MARKETING_VERSION = 1.0;
				PRODUCT_BUNDLE_IDENTIFIER = com.yourname.hudmusiccompanion;
				SDKROOT = iphoneos;
				SWIFT_VERSION = 5.9;
				TARGETED_DEVICE_FAMILY = "1,2";
			};
			name = Release;
		};
		3B89C0FF35B08367008BB337 /* Release */ = {
			isa = XCBuildConfiguration;
			buildSettings = {
				ALWAYS_SEARCH_USER_PATHS = NO;
				CLANG_ANALYZER_NONNULL = YES;
				CLANG_ANALYZER_NUMBER_OBJECT_CONVERSION = YES_AGGRESSIVE;
				CLANG_CXX_LANGUAGE_STANDARD = "gnu++14";
				CLANG_CXX_LIBRARY = "libc++";
				CLANG_ENABLE_MODULES = YES;
				CLANG_ENABLE_OBJC_ARC = YES;
				CLANG_ENABLE_OBJC_WEAK = YES;
				CLANG_WARN_BLOCK_CAPTURE_AUTORELEASING = YES;
				CLANG_WARN_BOOL_CONVERSION = YES;
				CLANG_WARN_COMMA = YES;
				CLANG_WARN_CONSTANT_CONVERSION = YES;
				CLANG_WARN_DEPRECATED_OBJC_IMPLEMENTATIONS = YES;
				CLANG_WARN_DIRECT_OBJC_ISA_USAGE = YES_ERROR;
				CLANG_WARN_DOCUMENTATION_COMMENTS = YES;
				CLANG_WARN_EMPTY_BODY = YES;
				CLANG_WARN_ENUM_CONVERSION = YES;
				CLANG_WARN_INFINITE_RECURSION = YES;
				CLANG_WARN_INT_CONVERSION = YES;
				CLANG_WARN_NON_LITERAL_NULL_CONVERSION = YES;
				CLANG_WARN_OBJC_IMPLICIT_RETAIN_SELF = YES;
				CLANG_WARN_OBJC_LITERAL_CONVERSION = YES;
				CLANG_WARN_OBJC_ROOT_CLASS = YES_ERROR;
				CLANG_WARN_QUOTED_INCLUDE_IN_FRAMEWORK_HEADER = YES;
				CLANG_WARN_RANGE_LOOP_ANALYSIS = YES;
				CLANG_WARN_STRICT_PROTOTYPES = YES;
				CLANG_WARN_SUSPICIOUS_MOVE = YES;
				CLANG_WARN_UNGUARDED_AVAILABILITY = YES_AGGRESSIVE;
				CLANG_WARN_UNREACHABLE_CODE = YES;
				CLANG_WARN__DUPLICATE_METHOD_MATCH = YES;
				COPY_PHASE_STRIP = NO;
				DEBUG_INFORMATION_FORMAT = "dwarf-with-dsym";
				ENABLE_NS_ASSERTIONS = NO;
				ENABLE_STRICT_OBJC_MSGSEND = YES;
				GCC_C_LANGUAGE_STANDARD = gnu11;
				GCC_NO_COMMON_BLOCKS = YES;
				GCC_WARN_64_TO_32_BIT_CONVERSION = YES;
				GCC_WARN_ABOUT_RETURN_TYPE = YES_ERROR;
				GCC_WARN_UNDECLARED_SELECTOR = YES;
				GCC_WARN_UNINITIALIZED_AUTOS = YES_AGGRESSIVE;
				GCC_WARN_UNUSED_FUNCTION = YES;
				GCC_WARN_UNUSED_VARIABLE = YES;
				IPHONEOS_DEPLOYMENT_TARGET = 16.0;
				MTL_ENABLE_DEBUG_INFO = NO;
				MTL_FAST_MATH = YES;
				PRODUCT_NAME = "$(TARGET_NAME)";
				SDKROOT = iphoneos;
				SWIFT_COMPILATION_MODE = wholemodule;
				SWIFT_OPTIMIZATION_LEVEL = "-O";
				SWIFT_VERSION = 5.0;
			};
			name = Release;
		};
		97A0D0EB73EA96BFDB0976E2 /* Debug */ = {
			isa = XCBuildConfiguration;
			buildSettings = {
				ALWAYS_SEARCH_USER_PATHS = NO;
				CLANG_ANALYZER_NONNULL = YES;
				CLANG_ANALYZER_NUMBER_OBJECT_CONVERSION = YES_AGGRESSIVE;
				CLANG_CXX_LANGUAGE_STANDARD = "gnu++14";
				CLANG_CXX_LIBRARY = "libc++";
				CLANG_ENABLE_MODULES = YES;
				CLANG_ENABLE_OBJC_ARC = YES;
				CLANG_ENABLE_OBJC_WEAK = YES;
				CLANG_WARN_BLOCK_CAPTURE_AUTORELEASING = YES;
				CLANG_WARN_BOOL_CONVERSION = YES;
				CLANG_WARN_COMMA = YES;
				CLANG_WARN_CONSTANT_CONVERSION = YES;
				CLANG_WARN_DEPRECATED_OBJC_IMPLEMENTATIONS = YES;
				CLANG_WARN_DIRECT_OBJC_ISA_USAGE = YES_ERROR;
				CLANG_WARN_DOCUMENTATION_COMMENTS = YES;
				CLANG_WARN_EMPTY_BODY = YES;
				CLANG_WARN_ENUM_CONVERSION = YES;
				CLANG_WARN_INFINITE_RECURSION = YES;
				CLANG_WARN_INT_CONVERSION = YES;
				CLANG_WARN_NON_LITERAL_NULL_CONVERSION = YES;
				CLANG_WARN_OBJC_IMPLICIT_RETAIN_SELF = YES;
				CLANG_WARN_OBJC_LITERAL_CONVERSION = YES;
				CLANG_WARN_OBJC_ROOT_CLASS = YES_ERROR;
				CLANG_WARN_QUOTED_INCLUDE_IN_FRAMEWORK_HEADER = YES;
				CLANG_WARN_RANGE_LOOP_ANALYSIS = YES;
				CLANG_WARN_STRICT_PROTOTYPES = YES;
				CLANG_WARN_SUSPICIOUS_MOVE = YES;
				CLANG_WARN_UNGUARDED_AVAILABILITY = YES_AGGRESSIVE;
				CLANG_WARN_UNREACHABLE_CODE = YES;
				CLANG_WARN__DUPLICATE_METHOD_MATCH = YES;
				COPY_PHASE_STRIP = NO;
				DEBUG_INFORMATION_FORMAT = dwarf;
				ENABLE_STRICT_OBJC_MSGSEND = YES;
				ENABLE_TESTABILITY = YES;
				GCC_C_LANGUAGE_STANDARD = gnu11;
				GCC_DYNAMIC_NO_PIC = NO;
				GCC_NO_COMMON_BLOCKS = YES;
				GCC_OPTIMIZATION_LEVEL = 0;
				GCC_PREPROCESSOR_DEFINITIONS = (
					"$(inherited)",
					"DEBUG=1",
				);
				GCC_WARN_64_TO_32_BIT_CONVERSION = YES;
				GCC_WARN_ABOUT_RETURN_TYPE = YES_ERROR;
				GCC_WARN_UNDECLARED_SELECTOR = YES;
				GCC_WARN_UNINITIALIZED_AUTOS = YES_AGGRESSIVE;
				GCC_WARN_UNUSED_FUNCTION = YES;
				GCC_WARN_UNUSED_VARIABLE = YES;
				IPHONEOS_DEPLOYMENT_TARGET = 16.0;
				MTL_ENABLE_DEBUG_INFO = INCLUDE_SOURCE;
				MTL_FAST_MATH = YES;
				ONLY_ACTIVE_ARCH = YES;
				PRODUCT_NAME = "$(TARGET_NAME)";
				SDKROOT = iphoneos;
				SWIFT_ACTIVE_COMPILATION_CONDITIONS = DEBUG;
				SWIFT_OPTIMIZATION_LEVEL = "-Onone";
				SWIFT_VERSION = 5.0;
			};
			name = Debug;
		};
		CA145ECF45B2BF756B9EF2A1 /* Debug */ = {
			isa = XCBuildConfiguration;
			buildSettings = {
				ASSETCATALOG_COMPILER_APPICON_NAME = AppIcon;
				CODE_SIGN_ENTITLEMENTS = HUDMusicCompanion/HUDMusicCompanion.entitlements;
				CODE_SIGN_IDENTITY = "iPhone Developer";
				CODE_SIGN_STYLE = Automatic;
				CURRENT_PROJECT_VERSION = 1;
				DEVELOPMENT_TEAM = 7W8B6GJZDY;
				INFOPLIST_FILE = HUDMusicCompanion/Info.plist;
				IPHONEOS_DEPLOYMENT_TARGET = 16.0;
				LD_RUNPATH_SEARCH_PATHS = (
					"$(inherited)",
					"@executable_path/Frameworks",
				);
				MARKETING_VERSION = 1.0;
				PRODUCT_BUNDLE_IDENTIFIER = com.yourname.hudmusiccompanion;
				SDKROOT = iphoneos;
				SWIFT_VERSION = 5.9;
				TARGETED_DEVICE_FAMILY = "1,2";
			};
			name = Debug;
		};
/* End XCBuildConfiguration section */

/* Begin XCConfigurationList section */
		26F5AC423621FAD10D46BBCE /* Build configuration list for PBXNativeTarget "HUDMusicCompanion" */ = {
			isa = XCConfigurationList;
			buildConfigurations = (
				CA145ECF45B2BF756B9EF2A1 /* Debug */,
				26EE784A1924BA4C67925A17 /* Release */,
			);
			defaultConfigurationIsVisible = 0;
			defaultConfigurationName = Debug;
		};
		94AB7E7F1BBC156418C1231F /* Build configuration list for PBXProject "HUDMusicCompanion" */ = {
			isa = XCConfigurationList;
			buildConfigurations = (
				97A0D0EB73EA96BFDB0976E2 /* Debug */,
				3B89C0FF35B08367008BB337 /* Release */,
			);
			defaultConfigurationIsVisible = 0;
			defaultConfigurationName = Debug;
		};
/* End XCConfigurationList section */

/* Begin XCRemoteSwiftPackageReference section */
		FF1C09A622CBEB53E6969FE0 /* XCRemoteSwiftPackageReference "Telegraph" */ = {
			isa = XCRemoteSwiftPackageReference;
			repositoryURL = "https://github.com/Building42/Telegraph.git";
			requirement = {
				kind = upToNextMajorVersion;
				minimumVersion = 0.30.0;
			};
		};
/* End XCRemoteSwiftPackageReference section */

/* Begin XCSwiftPackageProductDependency section */
		C49B8EEA39E1C912B316D76F /* Telegraph */ = {
			isa = XCSwiftPackageProductDependency;
			package = FF1C09A622CBEB53E6969FE0 /* XCRemoteSwiftPackageReference "Telegraph" */;
			productName = Telegraph;
		};
/* End XCSwiftPackageProductDependency section */
	};
	rootObject = A2CB557F53EC64959CA68696 /* Project object */;
}
